// !$*UTF8*$!
{
	archiveVersion = 1;
	classes = {
	};
	objectVersion = 55;
	objects = {

/* Begin PBXBuildFile section */
		A0CD24E35FBED037F167C9EA /* Pods_LeSchnoz.framework in Frameworks */ = {isa = PBXBuildFile; fileRef = A43B6D1B151DB62B23F15E1A /* Pods_LeSchnoz.framework */; };
		C99EEB10299B121600B77DBD /* LeSchnozApp.swift in Sources */ = {isa = PBXBuildFile; fileRef = C99EEB0F299B121600B77DBD /* LeSchnozApp.swift */; };
		C99EEB12299B121600B77DBD /* ContentView.swift in Sources */ = {isa = PBXBuildFile; fileRef = C99EEB11299B121600B77DBD /* ContentView.swift */; };
		C99EEB14299B121700B77DBD /* Assets.xcassets in Resources */ = {isa = PBXBuildFile; fileRef = C99EEB13299B121700B77DBD /* Assets.xcassets */; };
		C99EEB17299B121700B77DBD /* Preview Assets.xcassets in Resources */ = {isa = PBXBuildFile; fileRef = C99EEB16299B121700B77DBD /* Preview Assets.xcassets */; };
		C99EEBB4299B19B400B77DBD /* Authorization.swift in Sources */ = {isa = PBXBuildFile; fileRef = C99EEB24299B19B300B77DBD /* Authorization.swift */; };
		C99EEBB5299B19B400B77DBD /* UserLocationManager.swift in Sources */ = {isa = PBXBuildFile; fileRef = C99EEB25299B19B300B77DBD /* UserLocationManager.swift */; };
		C99EEBB6299B19B400B77DBD /* MapDetails.swift in Sources */ = {isa = PBXBuildFile; fileRef = C99EEB26299B19B300B77DBD /* MapDetails.swift */; };
		C99EEBB7299B19B400B77DBD /* NetworkManager.swift in Sources */ = {isa = PBXBuildFile; fileRef = C99EEB27299B19B300B77DBD /* NetworkManager.swift */; };
		C99EEBB9299B19B400B77DBD /* LocalSearchService.swift in Sources */ = {isa = PBXBuildFile; fileRef = C99EEB29299B19B300B77DBD /* LocalSearchService.swift */; };
		C99EEBBB299B19B400B77DBD /* ErrorManager.swift in Sources */ = {isa = PBXBuildFile; fileRef = C99EEB2B299B19B300B77DBD /* ErrorManager.swift */; };
		C99EEBBC299B19B400B77DBD /* FirebaseManager.swift in Sources */ = {isa = PBXBuildFile; fileRef = C99EEB2C299B19B300B77DBD /* FirebaseManager.swift */; };
		C99EEBBD299B19B400B77DBD /* UserStore.swift in Sources */ = {isa = PBXBuildFile; fileRef = C99EEB2E299B19B300B77DBD /* UserStore.swift */; };
		C99EEBC3299B19B400B77DBD /* LocationAnnotationModel.swift in Sources */ = {isa = PBXBuildFile; fileRef = C99EEB38299B19B300B77DBD /* LocationAnnotationModel.swift */; };
		C99EEBCA299B19B400B77DBD /* ReviewModel.swift in Sources */ = {isa = PBXBuildFile; fileRef = C99EEB42299B19B300B77DBD /* ReviewModel.swift */; };
		C99EEBCC299B19B400B77DBD /* Address.swift in Sources */ = {isa = PBXBuildFile; fileRef = C99EEB44299B19B300B77DBD /* Address.swift */; };
		C99EEBCD299B19B400B77DBD /* User.swift in Sources */ = {isa = PBXBuildFile; fileRef = C99EEB45299B19B300B77DBD /* User.swift */; };
		C99EEBCE299B19B400B77DBD /* ReviewData.swift in Sources */ = {isa = PBXBuildFile; fileRef = C99EEB46299B19B300B77DBD /* ReviewData.swift */; };
		C99EEBD9299B19B400B77DBD /* Binding.swift in Sources */ = {isa = PBXBuildFile; fileRef = C99EEB57299B19B400B77DBD /* Binding.swift */; };
		C99EEBDA299B19B400B77DBD /* UnabreviatedString.swift in Sources */ = {isa = PBXBuildFile; fileRef = C99EEB58299B19B400B77DBD /* UnabreviatedString.swift */; };
		C99EEBDB299B19B400B77DBD /* ClearTextEditor.swift in Sources */ = {isa = PBXBuildFile; fileRef = C99EEB59299B19B400B77DBD /* ClearTextEditor.swift */; };
		C99EEBDC299B19B400B77DBD /* MKMapItem.swift in Sources */ = {isa = PBXBuildFile; fileRef = C99EEB5A299B19B400B77DBD /* MKMapItem.swift */; };
		C99EEBDD299B19B400B77DBD /* DispatchQueue.swift in Sources */ = {isa = PBXBuildFile; fileRef = C99EEB5B299B19B400B77DBD /* DispatchQueue.swift */; };
		C99EEBDE299B19B400B77DBD /* ClearListBackgroundMod.swift in Sources */ = {isa = PBXBuildFile; fileRef = C99EEB5D299B19B400B77DBD /* ClearListBackgroundMod.swift */; };
		C99EEBDF299B19B400B77DBD /* LogoStyle.swift in Sources */ = {isa = PBXBuildFile; fileRef = C99EEB5F299B19B400B77DBD /* LogoStyle.swift */; };
		C99EEBE0299B19B400B77DBD /* CNPostalAddress.swift in Sources */ = {isa = PBXBuildFile; fileRef = C99EEB60299B19B400B77DBD /* CNPostalAddress.swift */; };
		C99EEBE1299B19B400B77DBD /* Placeholder.swift in Sources */ = {isa = PBXBuildFile; fileRef = C99EEB61299B19B400B77DBD /* Placeholder.swift */; };
		C99EEBE2299B19B400B77DBD /* Custom Fonts.swift in Sources */ = {isa = PBXBuildFile; fileRef = C99EEB63299B19B400B77DBD /* Custom Fonts.swift */; };
		C99EEBE3299B19B400B77DBD /* SearchBar.swift in Sources */ = {isa = PBXBuildFile; fileRef = C99EEB65299B19B400B77DBD /* SearchBar.swift */; };
		C99EEBE4299B19B400B77DBD /* UserInputCellWithIcon.swift in Sources */ = {isa = PBXBuildFile; fileRef = C99EEB66299B19B400B77DBD /* UserInputCellWithIcon.swift */; };
		C99EEBE5299B19B400B77DBD /* SlideOverCard.swift in Sources */ = {isa = PBXBuildFile; fileRef = C99EEB67299B19B400B77DBD /* SlideOverCard.swift */; };
		C99EEBE6299B19B400B77DBD /* CircularButton.swift in Sources */ = {isa = PBXBuildFile; fileRef = C99EEB68299B19B400B77DBD /* CircularButton.swift */; };
		C99EEBE7299B19B400B77DBD /* NotificationBanner.swift in Sources */ = {isa = PBXBuildFile; fileRef = C99EEB69299B19B400B77DBD /* NotificationBanner.swift */; };
		C99EEBE8299B19B400B77DBD /* About.swift in Sources */ = {isa = PBXBuildFile; fileRef = C99EEB6E299B19B400B77DBD /* About.swift */; };
		C99EEBEB299B19B400B77DBD /* ManageReviews.swift in Sources */ = {isa = PBXBuildFile; fileRef = C99EEB73299B19B400B77DBD /* ManageReviews.swift */; };
		C99EEBEC299B19B400B77DBD /* ProfilePage.swift in Sources */ = {isa = PBXBuildFile; fileRef = C99EEB74299B19B400B77DBD /* ProfilePage.swift */; };
		C99EEBED299B19B400B77DBD /* Account.swift in Sources */ = {isa = PBXBuildFile; fileRef = C99EEB75299B19B400B77DBD /* Account.swift */; };
		C99EEBEE299B19B400B77DBD /* ConfirmDeleteView.swift in Sources */ = {isa = PBXBuildFile; fileRef = C99EEB76299B19B400B77DBD /* ConfirmDeleteView.swift */; };
		C99EEBF1299B19B400B77DBD /* Header.swift in Sources */ = {isa = PBXBuildFile; fileRef = C99EEB7A299B19B400B77DBD /* Header.swift */; };
		C99EEBF2299B19B400B77DBD /* SettingsPage.swift in Sources */ = {isa = PBXBuildFile; fileRef = C99EEB7B299B19B400B77DBD /* SettingsPage.swift */; };
		C99EEBF3299B19B400B77DBD /* MoreReviewsSheet.swift in Sources */ = {isa = PBXBuildFile; fileRef = C99EEB7D299B19B400B77DBD /* MoreReviewsSheet.swift */; };
		C99EEBF4299B19B400B77DBD /* FullImageDisplay.swift in Sources */ = {isa = PBXBuildFile; fileRef = C99EEB7E299B19B400B77DBD /* FullImageDisplay.swift */; };
		C99EEBF5299B19B400B77DBD /* ShareActivitySheet.swift in Sources */ = {isa = PBXBuildFile; fileRef = C99EEB7F299B19B400B77DBD /* ShareActivitySheet.swift */; };
		C99EEBF6299B19B400B77DBD /* Stars.swift in Sources */ = {isa = PBXBuildFile; fileRef = C99EEB80299B19B400B77DBD /* Stars.swift */; };
		C99EEBF7299B19B400B77DBD /* ReviewCard.swift in Sources */ = {isa = PBXBuildFile; fileRef = C99EEB81299B19B400B77DBD /* ReviewCard.swift */; };
		C99EEBF8299B19B400B77DBD /* LD.swift in Sources */ = {isa = PBXBuildFile; fileRef = C99EEB82299B19B400B77DBD /* LD.swift */; };
		C99EEBF9299B19B400B77DBD /* LaunchScreen.storyboard in Resources */ = {isa = PBXBuildFile; fileRef = C99EEB84299B19B400B77DBD /* LaunchScreen.storyboard */; };
		C99EEBFA299B19B400B77DBD /* SplashScreen.swift in Sources */ = {isa = PBXBuildFile; fileRef = C99EEB85299B19B400B77DBD /* SplashScreen.swift */; };
		C99EEBFE299B19B400B77DBD /* LocationCollection.swift in Sources */ = {isa = PBXBuildFile; fileRef = C99EEB8B299B19B400B77DBD /* LocationCollection.swift */; };
		C99EEBFF299B19B400B77DBD /* MainLocCell.swift in Sources */ = {isa = PBXBuildFile; fileRef = C99EEB8C299B19B400B77DBD /* MainLocCell.swift */; };
		C99EEC00299B19B400B77DBD /* ExploreByList.swift in Sources */ = {isa = PBXBuildFile; fileRef = C99EEB8D299B19B400B77DBD /* ExploreByList.swift */; };
		C99EEC0E299B19B400B77DBD /* LocationReviewView.swift in Sources */ = {isa = PBXBuildFile; fileRef = C99EEBA2299B19B400B77DBD /* LocationReviewView.swift */; };
		C99EEC11299B19B400B77DBD /* LogIn.swift in Sources */ = {isa = PBXBuildFile; fileRef = C99EEBA7299B19B400B77DBD /* LogIn.swift */; };
		C99EEC12299B19B400B77DBD /* CreativeSignInUp.swift in Sources */ = {isa = PBXBuildFile; fileRef = C99EEBA8299B19B400B77DBD /* CreativeSignInUp.swift */; };
		C99EEC13299B19B400B77DBD /* SignUp.swift in Sources */ = {isa = PBXBuildFile; fileRef = C99EEBA9299B19B400B77DBD /* SignUp.swift */; };
		C99EEC14299B19B400B77DBD /* TabBarSetup.swift in Sources */ = {isa = PBXBuildFile; fileRef = C99EEBAA299B19B400B77DBD /* TabBarSetup.swift */; };
		C99EEC15299B19B400B77DBD /* ExploreViewModel.swift in Sources */ = {isa = PBXBuildFile; fileRef = C99EEBAC299B19B400B77DBD /* ExploreViewModel.swift */; };
		C99EEC17299B19B400B77DBD /* SignupVM.swift in Sources */ = {isa = PBXBuildFile; fileRef = C99EEBAE299B19B400B77DBD /* SignupVM.swift */; };
		C99EEC1A299B19B400B77DBD /* LoginVM.swift in Sources */ = {isa = PBXBuildFile; fileRef = C99EEBB1299B19B400B77DBD /* LoginVM.swift */; };
		C99EEC1D299B1A1500B77DBD /* SDWebImageSwiftUI in Frameworks */ = {isa = PBXBuildFile; productRef = C99EEC1C299B1A1500B77DBD /* SDWebImageSwiftUI */; };
		C99EEC1F299B1A4000B77DBD /* Constants.swift in Sources */ = {isa = PBXBuildFile; fileRef = C99EEC1E299B1A4000B77DBD /* Constants.swift */; };
		C99EEC21299B1AD800B77DBD /* Destination.swift in Sources */ = {isa = PBXBuildFile; fileRef = C99EEC20299B1AD800B77DBD /* Destination.swift */; };
		C99EEC23299B1D8B00B77DBD /* AppDelegate.swift in Sources */ = {isa = PBXBuildFile; fileRef = C99EEC22299B1D8A00B77DBD /* AppDelegate.swift */; };
		C99EEC27299B1E8B00B77DBD /* GoogleService-Info.plist in Resources */ = {isa = PBXBuildFile; fileRef = C99EEC26299B1E8B00B77DBD /* GoogleService-Info.plist */; };
		C99EEC29299C468D00B77DBD /* LocationModel.swift in Sources */ = {isa = PBXBuildFile; fileRef = C99EEC28299C468D00B77DBD /* LocationModel.swift */; };
		C99EEC2B299C46F100B77DBD /* LocationStore.swift in Sources */ = {isa = PBXBuildFile; fileRef = C99EEC2A299C46F100B77DBD /* LocationStore.swift */; };
		C99EEC2D299C47EC00B77DBD /* LocationData.swift in Sources */ = {isa = PBXBuildFile; fileRef = C99EEC2C299C47EC00B77DBD /* LocationData.swift */; };
		C99EEC2F299C5D0D00B77DBD /* GooglePlacesManager.swift in Sources */ = {isa = PBXBuildFile; fileRef = C99EEC2E299C5D0D00B77DBD /* GooglePlacesManager.swift */; };
		C99EEC31299C614400B77DBD /* HiddenKeys.plist in Resources */ = {isa = PBXBuildFile; fileRef = C99EEC30299C614400B77DBD /* HiddenKeys.plist */; };
		C99EEC34299C635F00B77DBD /* FirebaseAuth in Frameworks */ = {isa = PBXBuildFile; productRef = C99EEC33299C635F00B77DBD /* FirebaseAuth */; };
		C99EEC36299C635F00B77DBD /* FirebaseFirestore in Frameworks */ = {isa = PBXBuildFile; productRef = C99EEC35299C635F00B77DBD /* FirebaseFirestore */; };
		C99EEC38299C6DB200B77DBD /* PlacesViewControllerBridge.swift in Sources */ = {isa = PBXBuildFile; fileRef = C99EEC37299C6DB200B77DBD /* PlacesViewControllerBridge.swift */; };
		C99EEC3A299EA3DC00B77DBD /* NavigationBarModifier.swift in Sources */ = {isa = PBXBuildFile; fileRef = C99EEC39299EA3DC00B77DBD /* NavigationBarModifier.swift */; };
		C99EEC3C299EE06A00B77DBD /* GoogleDataTable.swift in Sources */ = {isa = PBXBuildFile; fileRef = C99EEC3B299EE06A00B77DBD /* GoogleDataTable.swift */; };
		C99EEC3E299EF9B700B77DBD /* GoogleResultCell.xib in Resources */ = {isa = PBXBuildFile; fileRef = C99EEC3D299EF9B700B77DBD /* GoogleResultCell.xib */; };
/* End PBXBuildFile section */

/* Begin PBXFileReference section */
		3C2F3CD7513111610A94D255 /* Pods-LeSchnoz.release.xcconfig */ = {isa = PBXFileReference; includeInIndex = 1; lastKnownFileType = text.xcconfig; name = "Pods-LeSchnoz.release.xcconfig"; path = "Target Support Files/Pods-LeSchnoz/Pods-LeSchnoz.release.xcconfig"; sourceTree = "<group>"; };
		5C2E337B7638DE427F094D05 /* Pods-LeSchnoz.debug.xcconfig */ = {isa = PBXFileReference; includeInIndex = 1; lastKnownFileType = text.xcconfig; name = "Pods-LeSchnoz.debug.xcconfig"; path = "Target Support Files/Pods-LeSchnoz/Pods-LeSchnoz.debug.xcconfig"; sourceTree = "<group>"; };
		A43B6D1B151DB62B23F15E1A /* Pods_LeSchnoz.framework */ = {isa = PBXFileReference; explicitFileType = wrapper.framework; includeInIndex = 0; path = Pods_LeSchnoz.framework; sourceTree = BUILT_PRODUCTS_DIR; };
		C99EEB0C299B121600B77DBD /* LeSchnoz.app */ = {isa = PBXFileReference; explicitFileType = wrapper.application; includeInIndex = 0; path = LeSchnoz.app; sourceTree = BUILT_PRODUCTS_DIR; };
		C99EEB0F299B121600B77DBD /* LeSchnozApp.swift */ = {isa = PBXFileReference; lastKnownFileType = sourcecode.swift; path = LeSchnozApp.swift; sourceTree = "<group>"; };
		C99EEB11299B121600B77DBD /* ContentView.swift */ = {isa = PBXFileReference; lastKnownFileType = sourcecode.swift; path = ContentView.swift; sourceTree = "<group>"; };
		C99EEB13299B121700B77DBD /* Assets.xcassets */ = {isa = PBXFileReference; lastKnownFileType = folder.assetcatalog; path = Assets.xcassets; sourceTree = "<group>"; };
		C99EEB16299B121700B77DBD /* Preview Assets.xcassets */ = {isa = PBXFileReference; lastKnownFileType = folder.assetcatalog; path = "Preview Assets.xcassets"; sourceTree = "<group>"; };
		C99EEB24299B19B300B77DBD /* Authorization.swift */ = {isa = PBXFileReference; fileEncoding = 4; lastKnownFileType = sourcecode.swift; path = Authorization.swift; sourceTree = "<group>"; };
		C99EEB25299B19B300B77DBD /* UserLocationManager.swift */ = {isa = PBXFileReference; fileEncoding = 4; lastKnownFileType = sourcecode.swift; path = UserLocationManager.swift; sourceTree = "<group>"; };
		C99EEB26299B19B300B77DBD /* MapDetails.swift */ = {isa = PBXFileReference; fileEncoding = 4; lastKnownFileType = sourcecode.swift; path = MapDetails.swift; sourceTree = "<group>"; };
		C99EEB27299B19B300B77DBD /* NetworkManager.swift */ = {isa = PBXFileReference; fileEncoding = 4; lastKnownFileType = sourcecode.swift; path = NetworkManager.swift; sourceTree = "<group>"; };
		C99EEB29299B19B300B77DBD /* LocalSearchService.swift */ = {isa = PBXFileReference; fileEncoding = 4; lastKnownFileType = sourcecode.swift; path = LocalSearchService.swift; sourceTree = "<group>"; };
		C99EEB2B299B19B300B77DBD /* ErrorManager.swift */ = {isa = PBXFileReference; fileEncoding = 4; lastKnownFileType = sourcecode.swift; path = ErrorManager.swift; sourceTree = "<group>"; };
		C99EEB2C299B19B300B77DBD /* FirebaseManager.swift */ = {isa = PBXFileReference; fileEncoding = 4; lastKnownFileType = sourcecode.swift; path = FirebaseManager.swift; sourceTree = "<group>"; };
		C99EEB2E299B19B300B77DBD /* UserStore.swift */ = {isa = PBXFileReference; fileEncoding = 4; lastKnownFileType = sourcecode.swift; path = UserStore.swift; sourceTree = "<group>"; };
		C99EEB38299B19B300B77DBD /* LocationAnnotationModel.swift */ = {isa = PBXFileReference; fileEncoding = 4; lastKnownFileType = sourcecode.swift; path = LocationAnnotationModel.swift; sourceTree = "<group>"; };
		C99EEB42299B19B300B77DBD /* ReviewModel.swift */ = {isa = PBXFileReference; fileEncoding = 4; lastKnownFileType = sourcecode.swift; path = ReviewModel.swift; sourceTree = "<group>"; };
		C99EEB44299B19B300B77DBD /* Address.swift */ = {isa = PBXFileReference; fileEncoding = 4; lastKnownFileType = sourcecode.swift; path = Address.swift; sourceTree = "<group>"; };
		C99EEB45299B19B300B77DBD /* User.swift */ = {isa = PBXFileReference; fileEncoding = 4; lastKnownFileType = sourcecode.swift; path = User.swift; sourceTree = "<group>"; };
		C99EEB46299B19B300B77DBD /* ReviewData.swift */ = {isa = PBXFileReference; fileEncoding = 4; lastKnownFileType = sourcecode.swift; path = ReviewData.swift; sourceTree = "<group>"; };
		C99EEB57299B19B400B77DBD /* Binding.swift */ = {isa = PBXFileReference; fileEncoding = 4; lastKnownFileType = sourcecode.swift; path = Binding.swift; sourceTree = "<group>"; };
		C99EEB58299B19B400B77DBD /* UnabreviatedString.swift */ = {isa = PBXFileReference; fileEncoding = 4; lastKnownFileType = sourcecode.swift; path = UnabreviatedString.swift; sourceTree = "<group>"; };
		C99EEB59299B19B400B77DBD /* ClearTextEditor.swift */ = {isa = PBXFileReference; fileEncoding = 4; lastKnownFileType = sourcecode.swift; path = ClearTextEditor.swift; sourceTree = "<group>"; };
		C99EEB5A299B19B400B77DBD /* MKMapItem.swift */ = {isa = PBXFileReference; fileEncoding = 4; lastKnownFileType = sourcecode.swift; path = MKMapItem.swift; sourceTree = "<group>"; };
		C99EEB5B299B19B400B77DBD /* DispatchQueue.swift */ = {isa = PBXFileReference; fileEncoding = 4; lastKnownFileType = sourcecode.swift; path = DispatchQueue.swift; sourceTree = "<group>"; };
		C99EEB5D299B19B400B77DBD /* ClearListBackgroundMod.swift */ = {isa = PBXFileReference; fileEncoding = 4; lastKnownFileType = sourcecode.swift; path = ClearListBackgroundMod.swift; sourceTree = "<group>"; };
		C99EEB5F299B19B400B77DBD /* LogoStyle.swift */ = {isa = PBXFileReference; fileEncoding = 4; lastKnownFileType = sourcecode.swift; path = LogoStyle.swift; sourceTree = "<group>"; };
		C99EEB60299B19B400B77DBD /* CNPostalAddress.swift */ = {isa = PBXFileReference; fileEncoding = 4; lastKnownFileType = sourcecode.swift; path = CNPostalAddress.swift; sourceTree = "<group>"; };
		C99EEB61299B19B400B77DBD /* Placeholder.swift */ = {isa = PBXFileReference; fileEncoding = 4; lastKnownFileType = sourcecode.swift; path = Placeholder.swift; sourceTree = "<group>"; };
		C99EEB63299B19B400B77DBD /* Custom Fonts.swift */ = {isa = PBXFileReference; fileEncoding = 4; lastKnownFileType = sourcecode.swift; path = "Custom Fonts.swift"; sourceTree = "<group>"; };
		C99EEB65299B19B400B77DBD /* SearchBar.swift */ = {isa = PBXFileReference; fileEncoding = 4; lastKnownFileType = sourcecode.swift; path = SearchBar.swift; sourceTree = "<group>"; };
		C99EEB66299B19B400B77DBD /* UserInputCellWithIcon.swift */ = {isa = PBXFileReference; fileEncoding = 4; lastKnownFileType = sourcecode.swift; path = UserInputCellWithIcon.swift; sourceTree = "<group>"; };
		C99EEB67299B19B400B77DBD /* SlideOverCard.swift */ = {isa = PBXFileReference; fileEncoding = 4; lastKnownFileType = sourcecode.swift; path = SlideOverCard.swift; sourceTree = "<group>"; };
		C99EEB68299B19B400B77DBD /* CircularButton.swift */ = {isa = PBXFileReference; fileEncoding = 4; lastKnownFileType = sourcecode.swift; path = CircularButton.swift; sourceTree = "<group>"; };
		C99EEB69299B19B400B77DBD /* NotificationBanner.swift */ = {isa = PBXFileReference; fileEncoding = 4; lastKnownFileType = sourcecode.swift; path = NotificationBanner.swift; sourceTree = "<group>"; };
		C99EEB6E299B19B400B77DBD /* About.swift */ = {isa = PBXFileReference; fileEncoding = 4; lastKnownFileType = sourcecode.swift; path = About.swift; sourceTree = "<group>"; };
		C99EEB73299B19B400B77DBD /* ManageReviews.swift */ = {isa = PBXFileReference; fileEncoding = 4; lastKnownFileType = sourcecode.swift; path = ManageReviews.swift; sourceTree = "<group>"; };
		C99EEB74299B19B400B77DBD /* ProfilePage.swift */ = {isa = PBXFileReference; fileEncoding = 4; lastKnownFileType = sourcecode.swift; path = ProfilePage.swift; sourceTree = "<group>"; };
		C99EEB75299B19B400B77DBD /* Account.swift */ = {isa = PBXFileReference; fileEncoding = 4; lastKnownFileType = sourcecode.swift; path = Account.swift; sourceTree = "<group>"; };
		C99EEB76299B19B400B77DBD /* ConfirmDeleteView.swift */ = {isa = PBXFileReference; fileEncoding = 4; lastKnownFileType = sourcecode.swift; path = ConfirmDeleteView.swift; sourceTree = "<group>"; };
		C99EEB7A299B19B400B77DBD /* Header.swift */ = {isa = PBXFileReference; fileEncoding = 4; lastKnownFileType = sourcecode.swift; path = Header.swift; sourceTree = "<group>"; };
		C99EEB7B299B19B400B77DBD /* SettingsPage.swift */ = {isa = PBXFileReference; fileEncoding = 4; lastKnownFileType = sourcecode.swift; path = SettingsPage.swift; sourceTree = "<group>"; };
		C99EEB7D299B19B400B77DBD /* MoreReviewsSheet.swift */ = {isa = PBXFileReference; fileEncoding = 4; lastKnownFileType = sourcecode.swift; path = MoreReviewsSheet.swift; sourceTree = "<group>"; };
		C99EEB7E299B19B400B77DBD /* FullImageDisplay.swift */ = {isa = PBXFileReference; fileEncoding = 4; lastKnownFileType = sourcecode.swift; path = FullImageDisplay.swift; sourceTree = "<group>"; };
		C99EEB7F299B19B400B77DBD /* ShareActivitySheet.swift */ = {isa = PBXFileReference; fileEncoding = 4; lastKnownFileType = sourcecode.swift; path = ShareActivitySheet.swift; sourceTree = "<group>"; };
		C99EEB80299B19B400B77DBD /* Stars.swift */ = {isa = PBXFileReference; fileEncoding = 4; lastKnownFileType = sourcecode.swift; path = Stars.swift; sourceTree = "<group>"; };
		C99EEB81299B19B400B77DBD /* ReviewCard.swift */ = {isa = PBXFileReference; fileEncoding = 4; lastKnownFileType = sourcecode.swift; path = ReviewCard.swift; sourceTree = "<group>"; };
		C99EEB82299B19B400B77DBD /* LD.swift */ = {isa = PBXFileReference; fileEncoding = 4; lastKnownFileType = sourcecode.swift; path = LD.swift; sourceTree = "<group>"; };
		C99EEB84299B19B400B77DBD /* LaunchScreen.storyboard */ = {isa = PBXFileReference; fileEncoding = 4; lastKnownFileType = file.storyboard; path = LaunchScreen.storyboard; sourceTree = "<group>"; };
		C99EEB85299B19B400B77DBD /* SplashScreen.swift */ = {isa = PBXFileReference; fileEncoding = 4; lastKnownFileType = sourcecode.swift; path = SplashScreen.swift; sourceTree = "<group>"; };
		C99EEB8B299B19B400B77DBD /* LocationCollection.swift */ = {isa = PBXFileReference; fileEncoding = 4; lastKnownFileType = sourcecode.swift; path = LocationCollection.swift; sourceTree = "<group>"; };
		C99EEB8C299B19B400B77DBD /* MainLocCell.swift */ = {isa = PBXFileReference; fileEncoding = 4; lastKnownFileType = sourcecode.swift; path = MainLocCell.swift; sourceTree = "<group>"; };
		C99EEB8D299B19B400B77DBD /* ExploreByList.swift */ = {isa = PBXFileReference; fileEncoding = 4; lastKnownFileType = sourcecode.swift; path = ExploreByList.swift; sourceTree = "<group>"; };
		C99EEBA2299B19B400B77DBD /* LocationReviewView.swift */ = {isa = PBXFileReference; fileEncoding = 4; lastKnownFileType = sourcecode.swift; path = LocationReviewView.swift; sourceTree = "<group>"; };
		C99EEBA7299B19B400B77DBD /* LogIn.swift */ = {isa = PBXFileReference; fileEncoding = 4; lastKnownFileType = sourcecode.swift; path = LogIn.swift; sourceTree = "<group>"; };
		C99EEBA8299B19B400B77DBD /* CreativeSignInUp.swift */ = {isa = PBXFileReference; fileEncoding = 4; lastKnownFileType = sourcecode.swift; path = CreativeSignInUp.swift; sourceTree = "<group>"; };
		C99EEBA9299B19B400B77DBD /* SignUp.swift */ = {isa = PBXFileReference; fileEncoding = 4; lastKnownFileType = sourcecode.swift; path = SignUp.swift; sourceTree = "<group>"; };
		C99EEBAA299B19B400B77DBD /* TabBarSetup.swift */ = {isa = PBXFileReference; fileEncoding = 4; lastKnownFileType = sourcecode.swift; path = TabBarSetup.swift; sourceTree = "<group>"; };
		C99EEBAC299B19B400B77DBD /* ExploreViewModel.swift */ = {isa = PBXFileReference; fileEncoding = 4; lastKnownFileType = sourcecode.swift; path = ExploreViewModel.swift; sourceTree = "<group>"; };
		C99EEBAE299B19B400B77DBD /* SignupVM.swift */ = {isa = PBXFileReference; fileEncoding = 4; lastKnownFileType = sourcecode.swift; path = SignupVM.swift; sourceTree = "<group>"; };
		C99EEBB1299B19B400B77DBD /* LoginVM.swift */ = {isa = PBXFileReference; fileEncoding = 4; lastKnownFileType = sourcecode.swift; path = LoginVM.swift; sourceTree = "<group>"; };
		C99EEC1E299B1A4000B77DBD /* Constants.swift */ = {isa = PBXFileReference; fileEncoding = 4; lastKnownFileType = sourcecode.swift; path = Constants.swift; sourceTree = "<group>"; };
		C99EEC20299B1AD800B77DBD /* Destination.swift */ = {isa = PBXFileReference; lastKnownFileType = sourcecode.swift; path = Destination.swift; sourceTree = "<group>"; };
		C99EEC22299B1D8A00B77DBD /* AppDelegate.swift */ = {isa = PBXFileReference; fileEncoding = 4; lastKnownFileType = sourcecode.swift; path = AppDelegate.swift; sourceTree = "<group>"; };
		C99EEC26299B1E8B00B77DBD /* GoogleService-Info.plist */ = {isa = PBXFileReference; fileEncoding = 4; lastKnownFileType = text.plist.xml; path = "GoogleService-Info.plist"; sourceTree = "<group>"; };
		C99EEC28299C468D00B77DBD /* LocationModel.swift */ = {isa = PBXFileReference; lastKnownFileType = sourcecode.swift; path = LocationModel.swift; sourceTree = "<group>"; };
		C99EEC2A299C46F100B77DBD /* LocationStore.swift */ = {isa = PBXFileReference; lastKnownFileType = sourcecode.swift; path = LocationStore.swift; sourceTree = "<group>"; };
		C99EEC2C299C47EC00B77DBD /* LocationData.swift */ = {isa = PBXFileReference; lastKnownFileType = sourcecode.swift; path = LocationData.swift; sourceTree = "<group>"; };
		C99EEC2E299C5D0D00B77DBD /* GooglePlacesManager.swift */ = {isa = PBXFileReference; lastKnownFileType = sourcecode.swift; path = GooglePlacesManager.swift; sourceTree = "<group>"; };
		C99EEC30299C614400B77DBD /* HiddenKeys.plist */ = {isa = PBXFileReference; lastKnownFileType = text.plist.xml; path = HiddenKeys.plist; sourceTree = "<group>"; };
		C99EEC37299C6DB200B77DBD /* PlacesViewControllerBridge.swift */ = {isa = PBXFileReference; lastKnownFileType = sourcecode.swift; path = PlacesViewControllerBridge.swift; sourceTree = "<group>"; };
		C99EEC39299EA3DC00B77DBD /* NavigationBarModifier.swift */ = {isa = PBXFileReference; lastKnownFileType = sourcecode.swift; path = NavigationBarModifier.swift; sourceTree = "<group>"; };
		C99EEC3B299EE06A00B77DBD /* GoogleDataTable.swift */ = {isa = PBXFileReference; lastKnownFileType = sourcecode.swift; path = GoogleDataTable.swift; sourceTree = "<group>"; };
		C99EEC3D299EF9B700B77DBD /* GoogleResultCell.xib */ = {isa = PBXFileReference; lastKnownFileType = file.xib; path = GoogleResultCell.xib; sourceTree = "<group>"; };
/* End PBXFileReference section */

/* Begin PBXFrameworksBuildPhase section */
		C99EEB09299B121600B77DBD /* Frameworks */ = {
			isa = PBXFrameworksBuildPhase;
			buildActionMask = 2147483647;
			files = (
				C99EEC1D299B1A1500B77DBD /* SDWebImageSwiftUI in Frameworks */,
				C99EEC36299C635F00B77DBD /* FirebaseFirestore in Frameworks */,
				C99EEC34299C635F00B77DBD /* FirebaseAuth in Frameworks */,
				A0CD24E35FBED037F167C9EA /* Pods_LeSchnoz.framework in Frameworks */,
			);
			runOnlyForDeploymentPostprocessing = 0;
		};
/* End PBXFrameworksBuildPhase section */

/* Begin PBXGroup section */
		4D06D5FB5BC0E37911755A9E /* Pods */ = {
			isa = PBXGroup;
			children = (
				5C2E337B7638DE427F094D05 /* Pods-LeSchnoz.debug.xcconfig */,
				3C2F3CD7513111610A94D255 /* Pods-LeSchnoz.release.xcconfig */,
			);
			path = Pods;
			sourceTree = "<group>";
		};
		C99EEB03299B121600B77DBD = {
			isa = PBXGroup;
			children = (
				C99EEC30299C614400B77DBD /* HiddenKeys.plist */,
				C99EEC26299B1E8B00B77DBD /* GoogleService-Info.plist */,
				C99EEB0E299B121600B77DBD /* LeSchnoz */,
				C99EEB0D299B121600B77DBD /* Products */,
				4D06D5FB5BC0E37911755A9E /* Pods */,
				DBB59DF242A98DC0036F757C /* Frameworks */,
			);
			sourceTree = "<group>";
		};
		C99EEB0D299B121600B77DBD /* Products */ = {
			isa = PBXGroup;
			children = (
				C99EEB0C299B121600B77DBD /* LeSchnoz.app */,
			);
			name = Products;
			sourceTree = "<group>";
		};
		C99EEB0E299B121600B77DBD /* LeSchnoz */ = {
			isa = PBXGroup;
			children = (
				C99EEC22299B1D8A00B77DBD /* AppDelegate.swift */,
				C99EEC1E299B1A4000B77DBD /* Constants.swift */,
				C99EEB1D299B19B300B77DBD /* Model */,
				C99EEB54299B19B400B77DBD /* View */,
				C99EEBAB299B19B400B77DBD /* ViewModel */,
				C99EEB0F299B121600B77DBD /* LeSchnozApp.swift */,
				C99EEB11299B121600B77DBD /* ContentView.swift */,
				C99EEB13299B121700B77DBD /* Assets.xcassets */,
				C99EEB15299B121700B77DBD /* Preview Content */,
			);
			path = LeSchnoz;
			sourceTree = "<group>";
		};
		C99EEB15299B121700B77DBD /* Preview Content */ = {
			isa = PBXGroup;
			children = (
				C99EEB16299B121700B77DBD /* Preview Assets.xcassets */,
			);
			path = "Preview Content";
			sourceTree = "<group>";
		};
		C99EEB1D299B19B300B77DBD /* Model */ = {
			isa = PBXGroup;
			children = (
				C99EEB23299B19B300B77DBD /* Managers */,
				C99EEB2D299B19B300B77DBD /* Stores */,
				C99EEB34299B19B300B77DBD /* Models */,
				C99EEC20299B1AD800B77DBD /* Destination.swift */,
			);
			path = Model;
			sourceTree = "<group>";
		};
		C99EEB23299B19B300B77DBD /* Managers */ = {
			isa = PBXGroup;
			children = (
				C99EEB24299B19B300B77DBD /* Authorization.swift */,
				C99EEB25299B19B300B77DBD /* UserLocationManager.swift */,
				C99EEB26299B19B300B77DBD /* MapDetails.swift */,
				C99EEB27299B19B300B77DBD /* NetworkManager.swift */,
				C99EEB29299B19B300B77DBD /* LocalSearchService.swift */,
				C99EEB2B299B19B300B77DBD /* ErrorManager.swift */,
				C99EEB2C299B19B300B77DBD /* FirebaseManager.swift */,
				C99EEC2E299C5D0D00B77DBD /* GooglePlacesManager.swift */,
			);
			path = Managers;
			sourceTree = "<group>";
		};
		C99EEB2D299B19B300B77DBD /* Stores */ = {
			isa = PBXGroup;
			children = (
				C99EEB2E299B19B300B77DBD /* UserStore.swift */,
				C99EEC2A299C46F100B77DBD /* LocationStore.swift */,
			);
			path = Stores;
			sourceTree = "<group>";
		};
		C99EEB34299B19B300B77DBD /* Models */ = {
			isa = PBXGroup;
			children = (
				C99EEB35299B19B300B77DBD /* Annotations */,
				C99EEB41299B19B300B77DBD /* FirebaseData */,
				C99EEC28299C468D00B77DBD /* LocationModel.swift */,
				C99EEC2C299C47EC00B77DBD /* LocationData.swift */,
			);
			path = Models;
			sourceTree = "<group>";
		};
		C99EEB35299B19B300B77DBD /* Annotations */ = {
			isa = PBXGroup;
			children = (
				C99EEB38299B19B300B77DBD /* LocationAnnotationModel.swift */,
			);
			path = Annotations;
			sourceTree = "<group>";
		};
		C99EEB41299B19B300B77DBD /* FirebaseData */ = {
			isa = PBXGroup;
			children = (
				C99EEB42299B19B300B77DBD /* ReviewModel.swift */,
				C99EEB44299B19B300B77DBD /* Address.swift */,
				C99EEB45299B19B300B77DBD /* User.swift */,
				C99EEB46299B19B300B77DBD /* ReviewData.swift */,
			);
			path = FirebaseData;
			sourceTree = "<group>";
		};
		C99EEB54299B19B400B77DBD /* View */ = {
			isa = PBXGroup;
			children = (
				C99EEB55299B19B400B77DBD /* Modifiers */,
				C99EEB64299B19B400B77DBD /* SubViews */,
				C99EEB6A299B19B400B77DBD /* Screens */,
				C99EEBAA299B19B400B77DBD /* TabBarSetup.swift */,
				C99EEC37299C6DB200B77DBD /* PlacesViewControllerBridge.swift */,
			);
			path = View;
			sourceTree = "<group>";
		};
		C99EEB55299B19B400B77DBD /* Modifiers */ = {
			isa = PBXGroup;
			children = (
				C99EEB56299B19B400B77DBD /* Extensions */,
				C99EEB62299B19B400B77DBD /* Typography */,
				C99EEC39299EA3DC00B77DBD /* NavigationBarModifier.swift */,
			);
			path = Modifiers;
			sourceTree = "<group>";
		};
		C99EEB56299B19B400B77DBD /* Extensions */ = {
			isa = PBXGroup;
			children = (
				C99EEB57299B19B400B77DBD /* Binding.swift */,
				C99EEB58299B19B400B77DBD /* UnabreviatedString.swift */,
				C99EEB59299B19B400B77DBD /* ClearTextEditor.swift */,
				C99EEB5A299B19B400B77DBD /* MKMapItem.swift */,
				C99EEB5B299B19B400B77DBD /* DispatchQueue.swift */,
				C99EEB5C299B19B400B77DBD /* List Mods */,
				C99EEB5E299B19B400B77DBD /* Image */,
				C99EEB60299B19B400B77DBD /* CNPostalAddress.swift */,
				C99EEB61299B19B400B77DBD /* Placeholder.swift */,
			);
			path = Extensions;
			sourceTree = "<group>";
		};
		C99EEB5C299B19B400B77DBD /* List Mods */ = {
			isa = PBXGroup;
			children = (
				C99EEB5D299B19B400B77DBD /* ClearListBackgroundMod.swift */,
			);
			path = "List Mods";
			sourceTree = "<group>";
		};
		C99EEB5E299B19B400B77DBD /* Image */ = {
			isa = PBXGroup;
			children = (
				C99EEB5F299B19B400B77DBD /* LogoStyle.swift */,
			);
			path = Image;
			sourceTree = "<group>";
		};
		C99EEB62299B19B400B77DBD /* Typography */ = {
			isa = PBXGroup;
			children = (
				C99EEB63299B19B400B77DBD /* Custom Fonts.swift */,
			);
			path = Typography;
			sourceTree = "<group>";
		};
		C99EEB64299B19B400B77DBD /* SubViews */ = {
			isa = PBXGroup;
			children = (
				C99EEB65299B19B400B77DBD /* SearchBar.swift */,
				C99EEB66299B19B400B77DBD /* UserInputCellWithIcon.swift */,
				C99EEB67299B19B400B77DBD /* SlideOverCard.swift */,
				C99EEB68299B19B400B77DBD /* CircularButton.swift */,
				C99EEB69299B19B400B77DBD /* NotificationBanner.swift */,
			);
			path = SubViews;
			sourceTree = "<group>";
		};
		C99EEB6A299B19B400B77DBD /* Screens */ = {
			isa = PBXGroup;
			children = (
				C99EEB6B299B19B400B77DBD /* Settings */,
				C99EEB7C299B19B400B77DBD /* LocationDetails */,
				C99EEB83299B19B400B77DBD /* Launch */,
				C99EEB8A299B19B400B77DBD /* ExploreByList */,
				C99EEBA1299B19B400B77DBD /* Review */,
				C99EEBA6299B19B400B77DBD /* Login */,
			);
			path = Screens;
			sourceTree = "<group>";
		};
		C99EEB6B299B19B400B77DBD /* Settings */ = {
			isa = PBXGroup;
			children = (
				C99EEB6C299B19B400B77DBD /* SubViews */,
				C99EEB7B299B19B400B77DBD /* SettingsPage.swift */,
			);
			path = Settings;
			sourceTree = "<group>";
		};
		C99EEB6C299B19B400B77DBD /* SubViews */ = {
			isa = PBXGroup;
			children = (
				C99EEB6D299B19B400B77DBD /* Sections */,
				C99EEB7A299B19B400B77DBD /* Header.swift */,
			);
			path = SubViews;
			sourceTree = "<group>";
		};
		C99EEB6D299B19B400B77DBD /* Sections */ = {
			isa = PBXGroup;
			children = (
				C99EEB6E299B19B400B77DBD /* About.swift */,
				C99EEB72299B19B400B77DBD /* Account */,
			);
			path = Sections;
			sourceTree = "<group>";
		};
		C99EEB72299B19B400B77DBD /* Account */ = {
			isa = PBXGroup;
			children = (
				C99EEB73299B19B400B77DBD /* ManageReviews.swift */,
				C99EEB74299B19B400B77DBD /* ProfilePage.swift */,
				C99EEB75299B19B400B77DBD /* Account.swift */,
				C99EEB76299B19B400B77DBD /* ConfirmDeleteView.swift */,
			);
			path = Account;
			sourceTree = "<group>";
		};
		C99EEB7C299B19B400B77DBD /* LocationDetails */ = {
			isa = PBXGroup;
			children = (
				C99EEB7D299B19B400B77DBD /* MoreReviewsSheet.swift */,
				C99EEB7E299B19B400B77DBD /* FullImageDisplay.swift */,
				C99EEB7F299B19B400B77DBD /* ShareActivitySheet.swift */,
				C99EEB80299B19B400B77DBD /* Stars.swift */,
				C99EEB81299B19B400B77DBD /* ReviewCard.swift */,
				C99EEB82299B19B400B77DBD /* LD.swift */,
			);
			path = LocationDetails;
			sourceTree = "<group>";
		};
		C99EEB83299B19B400B77DBD /* Launch */ = {
			isa = PBXGroup;
			children = (
				C99EEB84299B19B400B77DBD /* LaunchScreen.storyboard */,
				C99EEB85299B19B400B77DBD /* SplashScreen.swift */,
			);
			path = Launch;
			sourceTree = "<group>";
		};
		C99EEB8A299B19B400B77DBD /* ExploreByList */ = {
			isa = PBXGroup;
			children = (
				C99EEB8B299B19B400B77DBD /* LocationCollection.swift */,
				C99EEB8C299B19B400B77DBD /* MainLocCell.swift */,
				C99EEB8D299B19B400B77DBD /* ExploreByList.swift */,
				C99EEC3B299EE06A00B77DBD /* GoogleDataTable.swift */,
				C99EEC3D299EF9B700B77DBD /* GoogleResultCell.xib */,
			);
			path = ExploreByList;
			sourceTree = "<group>";
		};
		C99EEBA1299B19B400B77DBD /* Review */ = {
			isa = PBXGroup;
			children = (
				C99EEBA2299B19B400B77DBD /* LocationReviewView.swift */,
			);
			path = Review;
			sourceTree = "<group>";
		};
		C99EEBA6299B19B400B77DBD /* Login */ = {
			isa = PBXGroup;
			children = (
				C99EEBA7299B19B400B77DBD /* LogIn.swift */,
				C99EEBA8299B19B400B77DBD /* CreativeSignInUp.swift */,
				C99EEBA9299B19B400B77DBD /* SignUp.swift */,
			);
			path = Login;
			sourceTree = "<group>";
		};
		C99EEBAB299B19B400B77DBD /* ViewModel */ = {
			isa = PBXGroup;
			children = (
				C99EEBAC299B19B400B77DBD /* ExploreViewModel.swift */,
				C99EEBAE299B19B400B77DBD /* SignupVM.swift */,
				C99EEBB1299B19B400B77DBD /* LoginVM.swift */,
			);
			path = ViewModel;
			sourceTree = "<group>";
		};
		DBB59DF242A98DC0036F757C /* Frameworks */ = {
			isa = PBXGroup;
			children = (
				A43B6D1B151DB62B23F15E1A /* Pods_LeSchnoz.framework */,
			);
			name = Frameworks;
			sourceTree = "<group>";
		};
/* End PBXGroup section */

/* Begin PBXNativeTarget section */
		C99EEB0B299B121600B77DBD /* LeSchnoz */ = {
			isa = PBXNativeTarget;
			buildConfigurationList = C99EEB1A299B121700B77DBD /* Build configuration list for PBXNativeTarget "LeSchnoz" */;
			buildPhases = (
				8B763368EC32274A7AE160B0 /* [CP] Check Pods Manifest.lock */,
				C99EEB08299B121600B77DBD /* Sources */,
				C99EEB09299B121600B77DBD /* Frameworks */,
				C99EEB0A299B121600B77DBD /* Resources */,
				F536972D03096FBCEDB24683 /* [CP] Embed Pods Frameworks */,
				501196DECB34FD621DD13893 /* [CP] Copy Pods Resources */,
			);
			buildRules = (
			);
			dependencies = (
			);
			name = LeSchnoz;
			packageProductDependencies = (
				C99EEC1C299B1A1500B77DBD /* SDWebImageSwiftUI */,
				C99EEC33299C635F00B77DBD /* FirebaseAuth */,
				C99EEC35299C635F00B77DBD /* FirebaseFirestore */,
			);
			productName = LeSchnoz;
			productReference = C99EEB0C299B121600B77DBD /* LeSchnoz.app */;
			productType = "com.apple.product-type.application";
		};
/* End PBXNativeTarget section */

/* Begin PBXProject section */
		C99EEB04299B121600B77DBD /* Project object */ = {
			isa = PBXProject;
			attributes = {
				BuildIndependentTargetsInParallel = 1;
				LastSwiftUpdateCheck = 1420;
				LastUpgradeCheck = 1420;
				TargetAttributes = {
					C99EEB0B299B121600B77DBD = {
						CreatedOnToolsVersion = 14.2;
					};
				};
			};
			buildConfigurationList = C99EEB07299B121600B77DBD /* Build configuration list for PBXProject "LeSchnoz" */;
			compatibilityVersion = "Xcode 13.0";
			developmentRegion = en;
			hasScannedForEncodings = 0;
			knownRegions = (
				en,
				Base,
			);
			mainGroup = C99EEB03299B121600B77DBD;
			packageReferences = (
				C99EEC1B299B1A1500B77DBD /* XCRemoteSwiftPackageReference "SDWebImageSwiftUI" */,
				C99EEC32299C635F00B77DBD /* XCRemoteSwiftPackageReference "firebase-ios-sdk" */,
			);
			productRefGroup = C99EEB0D299B121600B77DBD /* Products */;
			projectDirPath = "";
			projectRoot = "";
			targets = (
				C99EEB0B299B121600B77DBD /* LeSchnoz */,
			);
		};
/* End PBXProject section */

/* Begin PBXResourcesBuildPhase section */
		C99EEB0A299B121600B77DBD /* Resources */ = {
			isa = PBXResourcesBuildPhase;
			buildActionMask = 2147483647;
			files = (
				C99EEC31299C614400B77DBD /* HiddenKeys.plist in Resources */,
				C99EEBF9299B19B400B77DBD /* LaunchScreen.storyboard in Resources */,
				C99EEC27299B1E8B00B77DBD /* GoogleService-Info.plist in Resources */,
				C99EEB17299B121700B77DBD /* Preview Assets.xcassets in Resources */,
				C99EEB14299B121700B77DBD /* Assets.xcassets in Resources */,
				C99EEC3E299EF9B700B77DBD /* GoogleResultCell.xib in Resources */,
			);
			runOnlyForDeploymentPostprocessing = 0;
		};
/* End PBXResourcesBuildPhase section */

/* Begin PBXShellScriptBuildPhase section */
		501196DECB34FD621DD13893 /* [CP] Copy Pods Resources */ = {
			isa = PBXShellScriptBuildPhase;
			buildActionMask = 2147483647;
			files = (
			);
			inputFileListPaths = (
				"${PODS_ROOT}/Target Support Files/Pods-LeSchnoz/Pods-LeSchnoz-resources-${CONFIGURATION}-input-files.xcfilelist",
			);
			name = "[CP] Copy Pods Resources";
			outputFileListPaths = (
				"${PODS_ROOT}/Target Support Files/Pods-LeSchnoz/Pods-LeSchnoz-resources-${CONFIGURATION}-output-files.xcfilelist",
			);
			runOnlyForDeploymentPostprocessing = 0;
			shellPath = /bin/sh;
			shellScript = "\"${PODS_ROOT}/Target Support Files/Pods-LeSchnoz/Pods-LeSchnoz-resources.sh\"\n";
			showEnvVarsInLog = 0;
		};
		8B763368EC32274A7AE160B0 /* [CP] Check Pods Manifest.lock */ = {
			isa = PBXShellScriptBuildPhase;
			buildActionMask = 2147483647;
			files = (
			);
			inputFileListPaths = (
			);
			inputPaths = (
				"${PODS_PODFILE_DIR_PATH}/Podfile.lock",
				"${PODS_ROOT}/Manifest.lock",
			);
			name = "[CP] Check Pods Manifest.lock";
			outputFileListPaths = (
			);
			outputPaths = (
				"$(DERIVED_FILE_DIR)/Pods-LeSchnoz-checkManifestLockResult.txt",
			);
			runOnlyForDeploymentPostprocessing = 0;
			shellPath = /bin/sh;
			shellScript = "diff \"${PODS_PODFILE_DIR_PATH}/Podfile.lock\" \"${PODS_ROOT}/Manifest.lock\" > /dev/null\nif [ $? != 0 ] ; then\n    # print error to STDERR\n    echo \"error: The sandbox is not in sync with the Podfile.lock. Run 'pod install' or update your CocoaPods installation.\" >&2\n    exit 1\nfi\n# This output is used by Xcode 'outputs' to avoid re-running this script phase.\necho \"SUCCESS\" > \"${SCRIPT_OUTPUT_FILE_0}\"\n";
			showEnvVarsInLog = 0;
		};
		F536972D03096FBCEDB24683 /* [CP] Embed Pods Frameworks */ = {
			isa = PBXShellScriptBuildPhase;
			buildActionMask = 2147483647;
			files = (
			);
			inputFileListPaths = (
				"${PODS_ROOT}/Target Support Files/Pods-LeSchnoz/Pods-LeSchnoz-frameworks-${CONFIGURATION}-input-files.xcfilelist",
			);
			name = "[CP] Embed Pods Frameworks";
			outputFileListPaths = (
				"${PODS_ROOT}/Target Support Files/Pods-LeSchnoz/Pods-LeSchnoz-frameworks-${CONFIGURATION}-output-files.xcfilelist",
			);
			runOnlyForDeploymentPostprocessing = 0;
			shellPath = /bin/sh;
			shellScript = "\"${PODS_ROOT}/Target Support Files/Pods-LeSchnoz/Pods-LeSchnoz-frameworks.sh\"\n";
			showEnvVarsInLog = 0;
		};
/* End PBXShellScriptBuildPhase section */

/* Begin PBXSourcesBuildPhase section */
		C99EEB08299B121600B77DBD /* Sources */ = {
			isa = PBXSourcesBuildPhase;
			buildActionMask = 2147483647;
			files = (
				C99EEBDD299B19B400B77DBD /* DispatchQueue.swift in Sources */,
				C99EEBDC299B19B400B77DBD /* MKMapItem.swift in Sources */,
				C99EEC17299B19B400B77DBD /* SignupVM.swift in Sources */,
				C99EEC11299B19B400B77DBD /* LogIn.swift in Sources */,
				C99EEBBC299B19B400B77DBD /* FirebaseManager.swift in Sources */,
				C99EEBC3299B19B400B77DBD /* LocationAnnotationModel.swift in Sources */,
				C99EEC23299B1D8B00B77DBD /* AppDelegate.swift in Sources */,
				C99EEBFE299B19B400B77DBD /* LocationCollection.swift in Sources */,
				C99EEBEC299B19B400B77DBD /* ProfilePage.swift in Sources */,
				C99EEBF5299B19B400B77DBD /* ShareActivitySheet.swift in Sources */,
				C99EEBF2299B19B400B77DBD /* SettingsPage.swift in Sources */,
				C99EEC12299B19B400B77DBD /* CreativeSignInUp.swift in Sources */,
				C99EEC21299B1AD800B77DBD /* Destination.swift in Sources */,
				C99EEC2B299C46F100B77DBD /* LocationStore.swift in Sources */,
				C99EEB12299B121600B77DBD /* ContentView.swift in Sources */,
				C99EEBE7299B19B400B77DBD /* NotificationBanner.swift in Sources */,
				C99EEBB6299B19B400B77DBD /* MapDetails.swift in Sources */,
				C99EEC2D299C47EC00B77DBD /* LocationData.swift in Sources */,
				C99EEC14299B19B400B77DBD /* TabBarSetup.swift in Sources */,
				C99EEB10299B121600B77DBD /* LeSchnozApp.swift in Sources */,
				C99EEBE3299B19B400B77DBD /* SearchBar.swift in Sources */,
				C99EEBF1299B19B400B77DBD /* Header.swift in Sources */,
				C99EEBF6299B19B400B77DBD /* Stars.swift in Sources */,
				C99EEBDB299B19B400B77DBD /* ClearTextEditor.swift in Sources */,
				C99EEBF4299B19B400B77DBD /* FullImageDisplay.swift in Sources */,
				C99EEBE8299B19B400B77DBD /* About.swift in Sources */,
				C99EEBFA299B19B400B77DBD /* SplashScreen.swift in Sources */,
				C99EEBDE299B19B400B77DBD /* ClearListBackgroundMod.swift in Sources */,
				C99EEBCD299B19B400B77DBD /* User.swift in Sources */,
				C99EEBE6299B19B400B77DBD /* CircularButton.swift in Sources */,
				C99EEBF3299B19B400B77DBD /* MoreReviewsSheet.swift in Sources */,
				C99EEBCC299B19B400B77DBD /* Address.swift in Sources */,
				C99EEC3C299EE06A00B77DBD /* GoogleDataTable.swift in Sources */,
				C99EEBB7299B19B400B77DBD /* NetworkManager.swift in Sources */,
				C99EEBFF299B19B400B77DBD /* MainLocCell.swift in Sources */,
				C99EEBEB299B19B400B77DBD /* ManageReviews.swift in Sources */,
				C99EEC2F299C5D0D00B77DBD /* GooglePlacesManager.swift in Sources */,
				C99EEBE1299B19B400B77DBD /* Placeholder.swift in Sources */,
				C99EEBE0299B19B400B77DBD /* CNPostalAddress.swift in Sources */,
				C99EEBE4299B19B400B77DBD /* UserInputCellWithIcon.swift in Sources */,
				C99EEBF7299B19B400B77DBD /* ReviewCard.swift in Sources */,
				C99EEBBB299B19B400B77DBD /* ErrorManager.swift in Sources */,
				C99EEBF8299B19B400B77DBD /* LD.swift in Sources */,
				C99EEC3A299EA3DC00B77DBD /* NavigationBarModifier.swift in Sources */,
				C99EEBCE299B19B400B77DBD /* ReviewData.swift in Sources */,
				C99EEBE5299B19B400B77DBD /* SlideOverCard.swift in Sources */,
				C99EEC1F299B1A4000B77DBD /* Constants.swift in Sources */,
				C99EEBBD299B19B400B77DBD /* UserStore.swift in Sources */,
				C99EEC29299C468D00B77DBD /* LocationModel.swift in Sources */,
				C99EEBE2299B19B400B77DBD /* Custom Fonts.swift in Sources */,
				C99EEBCA299B19B400B77DBD /* ReviewModel.swift in Sources */,
				C99EEC38299C6DB200B77DBD /* PlacesViewControllerBridge.swift in Sources */,
				C99EEC0E299B19B400B77DBD /* LocationReviewView.swift in Sources */,
				C99EEBED299B19B400B77DBD /* Account.swift in Sources */,
				C99EEC00299B19B400B77DBD /* ExploreByList.swift in Sources */,
				C99EEC13299B19B400B77DBD /* SignUp.swift in Sources */,
				C99EEBD9299B19B400B77DBD /* Binding.swift in Sources */,
				C99EEBDA299B19B400B77DBD /* UnabreviatedString.swift in Sources */,
				C99EEBB9299B19B400B77DBD /* LocalSearchService.swift in Sources */,
				C99EEC1A299B19B400B77DBD /* LoginVM.swift in Sources */,
				C99EEBDF299B19B400B77DBD /* LogoStyle.swift in Sources */,
				C99EEBB4299B19B400B77DBD /* Authorization.swift in Sources */,
				C99EEBB5299B19B400B77DBD /* UserLocationManager.swift in Sources */,
				C99EEC15299B19B400B77DBD /* ExploreViewModel.swift in Sources */,
				C99EEBEE299B19B400B77DBD /* ConfirmDeleteView.swift in Sources */,
			);
			runOnlyForDeploymentPostprocessing = 0;
		};
/* End PBXSourcesBuildPhase section */

/* Begin XCBuildConfiguration section */
		C99EEB18299B121700B77DBD /* Debug */ = {
			isa = XCBuildConfiguration;
			buildSettings = {
				ALWAYS_SEARCH_USER_PATHS = NO;
				CLANG_ANALYZER_NONNULL = YES;
				CLANG_ANALYZER_NUMBER_OBJECT_CONVERSION = YES_AGGRESSIVE;
				CLANG_CXX_LANGUAGE_STANDARD = "gnu++20";
				CLANG_ENABLE_MODULES = YES;
				CLANG_ENABLE_OBJC_ARC = YES;
				CLANG_ENABLE_OBJC_WEAK = YES;
				CLANG_WARN_BLOCK_CAPTURE_AUTORELEASING = YES;
				CLANG_WARN_BOOL_CONVERSION = YES;
				CLANG_WARN_COMMA = YES;
				CLANG_WARN_CONSTANT_CONVERSION = YES;
				CLANG_WARN_DEPRECATED_OBJC_IMPLEMENTATIONS = YES;
				CLANG_WARN_DIRECT_OBJC_ISA_USAGE = YES_ERROR;
				CLANG_WARN_DOCUMENTATION_COMMENTS = YES;
				CLANG_WARN_EMPTY_BODY = YES;
				CLANG_WARN_ENUM_CONVERSION = YES;
				CLANG_WARN_INFINITE_RECURSION = YES;
				CLANG_WARN_INT_CONVERSION = YES;
				CLANG_WARN_NON_LITERAL_NULL_CONVERSION = YES;
				CLANG_WARN_OBJC_IMPLICIT_RETAIN_SELF = YES;
				CLANG_WARN_OBJC_LITERAL_CONVERSION = YES;
				CLANG_WARN_OBJC_ROOT_CLASS = YES_ERROR;
				CLANG_WARN_QUOTED_INCLUDE_IN_FRAMEWORK_HEADER = YES;
				CLANG_WARN_RANGE_LOOP_ANALYSIS = YES;
				CLANG_WARN_STRICT_PROTOTYPES = YES;
				CLANG_WARN_SUSPICIOUS_MOVE = YES;
				CLANG_WARN_UNGUARDED_AVAILABILITY = YES_AGGRESSIVE;
				CLANG_WARN_UNREACHABLE_CODE = YES;
				CLANG_WARN__DUPLICATE_METHOD_MATCH = YES;
				COPY_PHASE_STRIP = NO;
				DEBUG_INFORMATION_FORMAT = dwarf;
				ENABLE_STRICT_OBJC_MSGSEND = YES;
				ENABLE_TESTABILITY = YES;
				GCC_C_LANGUAGE_STANDARD = gnu11;
				GCC_DYNAMIC_NO_PIC = NO;
				GCC_NO_COMMON_BLOCKS = YES;
				GCC_OPTIMIZATION_LEVEL = 0;
				GCC_PREPROCESSOR_DEFINITIONS = (
					"DEBUG=1",
					"$(inherited)",
				);
				GCC_WARN_64_TO_32_BIT_CONVERSION = YES;
				GCC_WARN_ABOUT_RETURN_TYPE = YES_ERROR;
				GCC_WARN_UNDECLARED_SELECTOR = YES;
				GCC_WARN_UNINITIALIZED_AUTOS = YES_AGGRESSIVE;
				GCC_WARN_UNUSED_FUNCTION = YES;
				GCC_WARN_UNUSED_VARIABLE = YES;
				IPHONEOS_DEPLOYMENT_TARGET = 16.2;
				MTL_ENABLE_DEBUG_INFO = INCLUDE_SOURCE;
				MTL_FAST_MATH = YES;
				ONLY_ACTIVE_ARCH = YES;
				SDKROOT = iphoneos;
				SWIFT_ACTIVE_COMPILATION_CONDITIONS = DEBUG;
				SWIFT_OPTIMIZATION_LEVEL = "-Onone";
			};
			name = Debug;
		};
		C99EEB19299B121700B77DBD /* Release */ = {
			isa = XCBuildConfiguration;
			buildSettings = {
				ALWAYS_SEARCH_USER_PATHS = NO;
				CLANG_ANALYZER_NONNULL = YES;
				CLANG_ANALYZER_NUMBER_OBJECT_CONVERSION = YES_AGGRESSIVE;
				CLANG_CXX_LANGUAGE_STANDARD = "gnu++20";
				CLANG_ENABLE_MODULES = YES;
				CLANG_ENABLE_OBJC_ARC = YES;
				CLANG_ENABLE_OBJC_WEAK = YES;
				CLANG_WARN_BLOCK_CAPTURE_AUTORELEASING = YES;
				CLANG_WARN_BOOL_CONVERSION = YES;
				CLANG_WARN_COMMA = YES;
				CLANG_WARN_CONSTANT_CONVERSION = YES;
				CLANG_WARN_DEPRECATED_OBJC_IMPLEMENTATIONS = YES;
				CLANG_WARN_DIRECT_OBJC_ISA_USAGE = YES_ERROR;
				CLANG_WARN_DOCUMENTATION_COMMENTS = YES;
				CLANG_WARN_EMPTY_BODY = YES;
				CLANG_WARN_ENUM_CONVERSION = YES;
				CLANG_WARN_INFINITE_RECURSION = YES;
				CLANG_WARN_INT_CONVERSION = YES;
				CLANG_WARN_NON_LITERAL_NULL_CONVERSION = YES;
				CLANG_WARN_OBJC_IMPLICIT_RETAIN_SELF = YES;
				CLANG_WARN_OBJC_LITERAL_CONVERSION = YES;
				CLANG_WARN_OBJC_ROOT_CLASS = YES_ERROR;
				CLANG_WARN_QUOTED_INCLUDE_IN_FRAMEWORK_HEADER = YES;
				CLANG_WARN_RANGE_LOOP_ANALYSIS = YES;
				CLANG_WARN_STRICT_PROTOTYPES = YES;
				CLANG_WARN_SUSPICIOUS_MOVE = YES;
				CLANG_WARN_UNGUARDED_AVAILABILITY = YES_AGGRESSIVE;
				CLANG_WARN_UNREACHABLE_CODE = YES;
				CLANG_WARN__DUPLICATE_METHOD_MATCH = YES;
				COPY_PHASE_STRIP = NO;
				DEBUG_INFORMATION_FORMAT = "dwarf-with-dsym";
				ENABLE_NS_ASSERTIONS = NO;
				ENABLE_STRICT_OBJC_MSGSEND = YES;
				GCC_C_LANGUAGE_STANDARD = gnu11;
				GCC_NO_COMMON_BLOCKS = YES;
				GCC_WARN_64_TO_32_BIT_CONVERSION = YES;
				GCC_WARN_ABOUT_RETURN_TYPE = YES_ERROR;
				GCC_WARN_UNDECLARED_SELECTOR = YES;
				GCC_WARN_UNINITIALIZED_AUTOS = YES_AGGRESSIVE;
				GCC_WARN_UNUSED_FUNCTION = YES;
				GCC_WARN_UNUSED_VARIABLE = YES;
				IPHONEOS_DEPLOYMENT_TARGET = 16.2;
				MTL_ENABLE_DEBUG_INFO = NO;
				MTL_FAST_MATH = YES;
				SDKROOT = iphoneos;
				SWIFT_COMPILATION_MODE = wholemodule;
				SWIFT_OPTIMIZATION_LEVEL = "-O";
				VALIDATE_PRODUCT = YES;
			};
			name = Release;
		};
		C99EEB1B299B121700B77DBD /* Debug */ = {
			isa = XCBuildConfiguration;
			baseConfigurationReference = 5C2E337B7638DE427F094D05 /* Pods-LeSchnoz.debug.xcconfig */;
			buildSettings = {
				ASSETCATALOG_COMPILER_APPICON_NAME = AppIcon;
				ASSETCATALOG_COMPILER_GLOBAL_ACCENT_COLOR_NAME = AccentColor;
				CODE_SIGN_STYLE = Automatic;
				CURRENT_PROJECT_VERSION = 1;
				DEVELOPMENT_ASSET_PATHS = "\"LeSchnoz/Preview Content\"";
				DEVELOPMENT_TEAM = Q4449HJNAM;
				ENABLE_PREVIEWS = YES;
				GENERATE_INFOPLIST_FILE = YES;
				INFOPLIST_KEY_NSLocationAlwaysAndWhenInUseUsageDescription = "We need your location to show you nearby locaations.";
				INFOPLIST_KEY_UIApplicationSceneManifest_Generation = YES;
				INFOPLIST_KEY_UIApplicationSupportsIndirectInputEvents = YES;
				INFOPLIST_KEY_UILaunchScreen_Generation = YES;
				INFOPLIST_KEY_UILaunchStoryboardName = LaunchScreen.storyboard;
				INFOPLIST_KEY_UISupportedInterfaceOrientations_iPad = "UIInterfaceOrientationPortrait UIInterfaceOrientationPortraitUpsideDown UIInterfaceOrientationLandscapeLeft UIInterfaceOrientationLandscapeRight";
				INFOPLIST_KEY_UISupportedInterfaceOrientations_iPhone = "UIInterfaceOrientationPortrait UIInterfaceOrientationLandscapeLeft UIInterfaceOrientationLandscapeRight";
				LD_RUNPATH_SEARCH_PATHS = (
					"$(inherited)",
					"@executable_path/Frameworks",
				);
				MARKETING_VERSION = 1.0;
				PRODUCT_BUNDLE_IDENTIFIER = Konoha7.LeSchnoz;
				PRODUCT_NAME = "$(TARGET_NAME)";
				SWIFT_EMIT_LOC_STRINGS = YES;
				SWIFT_VERSION = 5.0;
				TARGETED_DEVICE_FAMILY = "1,2";
			};
			name = Debug;
		};
		C99EEB1C299B121700B77DBD /* Release */ = {
			isa = XCBuildConfiguration;
			baseConfigurationReference = 3C2F3CD7513111610A94D255 /* Pods-LeSchnoz.release.xcconfig */;
			buildSettings = {
				ASSETCATALOG_COMPILER_APPICON_NAME = AppIcon;
				ASSETCATALOG_COMPILER_GLOBAL_ACCENT_COLOR_NAME = AccentColor;
				CODE_SIGN_STYLE = Automatic;
				CURRENT_PROJECT_VERSION = 1;
				DEVELOPMENT_ASSET_PATHS = "\"LeSchnoz/Preview Content\"";
				DEVELOPMENT_TEAM = Q4449HJNAM;
				ENABLE_PREVIEWS = YES;
				GENERATE_INFOPLIST_FILE = YES;
				INFOPLIST_KEY_NSLocationAlwaysAndWhenInUseUsageDescription = "We need your location to show you nearby locaations.";
				INFOPLIST_KEY_UIApplicationSceneManifest_Generation = YES;
				INFOPLIST_KEY_UIApplicationSupportsIndirectInputEvents = YES;
				INFOPLIST_KEY_UILaunchScreen_Generation = YES;
				INFOPLIST_KEY_UILaunchStoryboardName = LaunchScreen.storyboard;
				INFOPLIST_KEY_UISupportedInterfaceOrientations_iPad = "UIInterfaceOrientationPortrait UIInterfaceOrientationPortraitUpsideDown UIInterfaceOrientationLandscapeLeft UIInterfaceOrientationLandscapeRight";
				INFOPLIST_KEY_UISupportedInterfaceOrientations_iPhone = "UIInterfaceOrientationPortrait UIInterfaceOrientationLandscapeLeft UIInterfaceOrientationLandscapeRight";
				LD_RUNPATH_SEARCH_PATHS = (
					"$(inherited)",
					"@executable_path/Frameworks",
				);
				MARKETING_VERSION = 1.0;
				PRODUCT_BUNDLE_IDENTIFIER = Konoha7.LeSchnoz;
				PRODUCT_NAME = "$(TARGET_NAME)";
				SWIFT_EMIT_LOC_STRINGS = YES;
				SWIFT_VERSION = 5.0;
				TARGETED_DEVICE_FAMILY = "1,2";
			};
			name = Release;
		};
/* End XCBuildConfiguration section */

/* Begin XCConfigurationList section */
		C99EEB07299B121600B77DBD /* Build configuration list for PBXProject "LeSchnoz" */ = {
			isa = XCConfigurationList;
			buildConfigurations = (
				C99EEB18299B121700B77DBD /* Debug */,
				C99EEB19299B121700B77DBD /* Release */,
			);
			defaultConfigurationIsVisible = 0;
			defaultConfigurationName = Release;
		};
		C99EEB1A299B121700B77DBD /* Build configuration list for PBXNativeTarget "LeSchnoz" */ = {
			isa = XCConfigurationList;
			buildConfigurations = (
				C99EEB1B299B121700B77DBD /* Debug */,
				C99EEB1C299B121700B77DBD /* Release */,
			);
			defaultConfigurationIsVisible = 0;
			defaultConfigurationName = Release;
		};
/* End XCConfigurationList section */

/* Begin XCRemoteSwiftPackageReference section */
		C99EEC1B299B1A1500B77DBD /* XCRemoteSwiftPackageReference "SDWebImageSwiftUI" */ = {
			isa = XCRemoteSwiftPackageReference;
			repositoryURL = "https://github.com/SDWebImage/SDWebImageSwiftUI.git";
			requirement = {
				branch = master;
				kind = branch;
			};
		};
		C99EEC32299C635F00B77DBD /* XCRemoteSwiftPackageReference "firebase-ios-sdk" */ = {
			isa = XCRemoteSwiftPackageReference;
			repositoryURL = "https://github.com/firebase/firebase-ios-sdk";
			requirement = {
				branch = master;
				kind = branch;
			};
		};
/* End XCRemoteSwiftPackageReference section */

/* Begin XCSwiftPackageProductDependency section */
		C99EEC1C299B1A1500B77DBD /* SDWebImageSwiftUI */ = {
			isa = XCSwiftPackageProductDependency;
			package = C99EEC1B299B1A1500B77DBD /* XCRemoteSwiftPackageReference "SDWebImageSwiftUI" */;
			productName = SDWebImageSwiftUI;
		};
		C99EEC33299C635F00B77DBD /* FirebaseAuth */ = {
			isa = XCSwiftPackageProductDependency;
			package = C99EEC32299C635F00B77DBD /* XCRemoteSwiftPackageReference "firebase-ios-sdk" */;
			productName = FirebaseAuth;
		};
		C99EEC35299C635F00B77DBD /* FirebaseFirestore */ = {
			isa = XCSwiftPackageProductDependency;
			package = C99EEC32299C635F00B77DBD /* XCRemoteSwiftPackageReference "firebase-ios-sdk" */;
			productName = FirebaseFirestore;
		};
/* End XCSwiftPackageProductDependency section */
	};
	rootObject = C99EEB04299B121600B77DBD /* Project object */;
}
